
Microsoft Visual Studio Solution File, Format Version 12.00
# Visual Studio Version 17
VisualStudioVersion = 17.9.34902.65
MinimumVisualStudioVersion = 10.0.40219.1
Project("{FAE04EC0-301F-11D3-BF4B-00C04F79EFBC}") = "ReservasHotel", "ReservasHotel\ReservasHotel.csproj", "{2201C46A-34C3-48CE-8106-F3106B4BB84D}"
EndProject
Project("{FAE04EC0-301F-11D3-BF4B-00C04F79EFBC}") = "Test_ReservasHotel", "Test_ReservasHotel\Test_ReservasHotel.csproj", "{CFF33769-AF41-4977-A53A-64358DF21BC4}"
EndProject
Global
	GlobalSection(SolutionConfigurationPlatforms) = preSolution
		Debug|Any CPU = Debug|Any CPU
		Release|Any CPU = Release|Any CPU
	EndGlobalSection
	GlobalSection(ProjectConfigurationPlatforms) = postSolution
		{2201C46A-34C3-48CE-8106-F3106B4BB84D}.Debug|Any CPU.ActiveCfg = Debug|Any CPU
		{2201C46A-34C3-48CE-8106-F3106B4BB84D}.Debug|Any CPU.Build.0 = Debug|Any CPU
		{2201C46A-34C3-48CE-8106-F3106B4BB84D}.Release|Any CPU.ActiveCfg = Release|Any CPU
		{2201C46A-34C3-48CE-8106-F3106B4BB84D}.Release|Any CPU.Build.0 = Release|Any CPU
		{CFF33769-AF41-4977-A53A-64358DF21BC4}.Debug|Any CPU.ActiveCfg = Debug|Any CPU
		{CFF33769-AF41-4977-A53A-64358DF21BC4}.Debug|Any CPU.Build.0 = Debug|Any CPU
		{CFF33769-AF41-4977-A53A-64358DF21BC4}.Release|Any CPU.ActiveCfg = Release|Any CPU
		{CFF33769-AF41-4977-A53A-64358DF21BC4}.Release|Any CPU.Build.0 = Release|Any CPU
	EndGlobalSection
	GlobalSection(SolutionProperties) = preSolution
		HideSolutionNode = FALSE
	EndGlobalSection
	GlobalSection(ExtensibilityGlobals) = postSolution
		SolutionGuid = {CAE44011-6C11-43D1-975F-9FA346A8706F}
	EndGlobalSection
EndGlobal
